<?xml version="1.0" encoding="utf-8"?>
<Project ToolsVersion="17.0" xmlns="http://schemas.microsoft.com/developer/msbuild/2003">
  <ItemGroup>
    <ClCompile Include="C:\Users\aniru\Documents\TrafficSimulation-Project\src\main.cpp">
      <Filter>Source Files</Filter>
    </ClCompile>
    <ClCompile Include="C:\Users\aniru\Documents\TrafficSimulation-Project\src\car.cpp">
      <Filter>Source Files</Filter>
    </ClCompile>
    <ClCompile Include="C:\Users\aniru\Documents\TrafficSimulation-Project\src\road.cpp">
      <Filter>Source Files</Filter>
    </ClCompile>
    <ClCompile Include="C:\Users\aniru\Documents\TrafficSimulation-Project\src\app_utility.cpp">
      <Filter>Source Files</Filter>
    </ClCompile>
    <ClCompile Include="C:\Users\aniru\Documents\TrafficSimulation-Project\src\junction.cpp">
      <Filter>Source Files</Filter>
    </ClCompile>
    <ClCompile Include="C:\Users\aniru\Documents\TrafficSimulation-Project\src\traffic_map.cpp">
      <Filter>Source Files</Filter>
    </ClCompile>
    <ClCompile Include="C:\Users\aniru\Documents\TrafficSimulation-Project\src\double_road.cpp">
      <Filter>Source Files</Filter>
    </ClCompile>
    <ClCompile Include="C:\Users\aniru\Documents\TrafficSimulation-Project\src\traffic_light.cpp">
      <Filter>Source Files</Filter>
    </ClCompile>
    <ClCompile Include="C:\Users\aniru\Documents\TrafficSimulation-Project\src\camera.cpp">
      <Filter>Source Files</Filter>
    </ClCompile>
    <ClCompile Include="C:\Users\aniru\Documents\TrafficSimulation-Project\src\building.cpp">
      <Filter>Source Files</Filter>
    </ClCompile>
  </ItemGroup>
  <ItemGroup>
    <CustomBuild Include="C:\Users\aniru\Documents\TrafficSimulation-Project\src\CMakeLists.txt" />
  </ItemGroup>
  <ItemGroup>
    <Filter Include="Source Files">
      <UniqueIdentifier>{0022B228-5C1A-3AB5-AA11-ABFA6071F4EB}</UniqueIdentifier>
    </Filter>
  </ItemGroup>
</Project>
